
Microsoft Visual Studio Solution File, Format Version 12.00
# Visual Studio 15
VisualStudioVersion = 15.0.28307.1778
MinimumVisualStudioVersion = 10.0.40219.1
Project("{FAE04EC0-301F-11D3-BF4B-00C04F79EFBC}") = "RestaurantSIGLO21", "RestaurantSIGLO21\RestaurantSIGLO21.csproj", "{38CE45AE-D581-4384-A28C-36103294FDCA}"
EndProject
Global
	GlobalSection(SolutionConfigurationPlatforms) = preSolution
		Debug|Any CPU = Debug|Any CPU
		Release|Any CPU = Release|Any CPU
	EndGlobalSection
	GlobalSection(ProjectConfigurationPlatforms) = postSolution
		{38CE45AE-D581-4384-A28C-36103294FDCA}.Debug|Any CPU.ActiveCfg = Debug|Any CPU
		{38CE45AE-D581-4384-A28C-36103294FDCA}.Debug|Any CPU.Build.0 = Debug|Any CPU
		{38CE45AE-D581-4384-A28C-36103294FDCA}.Release|Any CPU.ActiveCfg = Release|Any CPU
		{38CE45AE-D581-4384-A28C-36103294FDCA}.Release|Any CPU.Build.0 = Release|Any CPU
	EndGlobalSection
	GlobalSection(SolutionProperties) = preSolution
		HideSolutionNode = FALSE
	EndGlobalSection
	GlobalSection(ExtensibilityGlobals) = postSolution
		SolutionGuid = {4181DC92-745B-442F-993F-52724315E5E6}
	EndGlobalSection
EndGlobal
